// !$*UTF8*$!
{
	archiveVersion = 1;
	classes = {
	};
	objectVersion = 50;
	objects = {

/* Begin PBXBuildFile section */
		CDFA466E230C073900FA2C00 /* AppDelegate.m in Sources */ = {isa = PBXBuildFile; fileRef = CDFA466D230C073900FA2C00 /* AppDelegate.m */; };
		CDFA4671230C073900FA2C00 /* ViewController.m in Sources */ = {isa = PBXBuildFile; fileRef = CDFA4670230C073900FA2C00 /* ViewController.m */; };
		CDFA4674230C073900FA2C00 /* Main.storyboard in Resources */ = {isa = PBXBuildFile; fileRef = CDFA4672230C073900FA2C00 /* Main.storyboard */; };
		CDFA4676230C073A00FA2C00 /* Assets.xcassets in Resources */ = {isa = PBXBuildFile; fileRef = CDFA4675230C073A00FA2C00 /* Assets.xcassets */; };
		CDFA4679230C073A00FA2C00 /* LaunchScreen.storyboard in Resources */ = {isa = PBXBuildFile; fileRef = CDFA4677230C073A00FA2C00 /* LaunchScreen.storyboard */; };
		CDFA467C230C073A00FA2C00 /* main.m in Sources */ = {isa = PBXBuildFile; fileRef = CDFA467B230C073A00FA2C00 /* main.m */; };
		CDFA4685230C077A00FA2C00 /* MyTestObject.m in Sources */ = {isa = PBXBuildFile; fileRef = CDFA4684230C077A00FA2C00 /* MyTestObject.m */; };
/* End PBXBuildFile section */

/* Begin PBXFileReference section */
		CDFA4669230C073900FA2C00 /* ZPFFirstPod.app */ = {isa = PBXFileReference; explicitFileType = wrapper.application; includeInIndex = 0; path = ZPFFirstPod.app; sourceTree = BUILT_PRODUCTS_DIR; };
		CDFA466C230C073900FA2C00 /* AppDelegate.h */ = {isa = PBXFileReference; lastKnownFileType = sourcecode.c.h; path = AppDelegate.h; sourceTree = "<group>"; };
		CDFA466D230C073900FA2C00 /* AppDelegate.m */ = {isa = PBXFileReference; lastKnownFileType = sourcecode.c.objc; path = AppDelegate.m; sourceTree = "<group>"; };
		CDFA466F230C073900FA2C00 /* ViewController.h */ = {isa = PBXFileReference; lastKnownFileType = sourcecode.c.h; path = ViewController.h; sourceTree = "<group>"; };
		CDFA4670230C073900FA2C00 /* ViewController.m */ = {isa = PBXFileReference; lastKnownFileType = sourcecode.c.objc; path = ViewController.m; sourceTree = "<group>"; };
		CDFA4673230C073900FA2C00 /* Base */ = {isa = PBXFileReference; lastKnownFileType = file.storyboard; name = Base; path = Base.lproj/Main.storyboard; sourceTree = "<group>"; };
		CDFA4675230C073A00FA2C00 /* Assets.xcassets */ = {isa = PBXFileReference; lastKnownFileType = folder.assetcatalog; path = Assets.xcassets; sourceTree = "<group>"; };
		CDFA4678230C073A00FA2C00 /* Base */ = {isa = PBXFileReference; lastKnownFileType = file.storyboard; name = Base; path = Base.lproj/LaunchScreen.storyboard; sourceTree = "<group>"; };
		CDFA467A230C073A00FA2C00 /* Info.plist */ = {isa = PBXFileReference; lastKnownFileType = text.plist.xml; path = Info.plist; sourceTree = "<group>"; };
		CDFA467B230C073A00FA2C00 /* main.m */ = {isa = PBXFileReference; lastKnownFileType = sourcecode.c.objc; path = main.m; sourceTree = "<group>"; };
		CDFA4683230C077A00FA2C00 /* MyTestObject.h */ = {isa = PBXFileReference; lastKnownFileType = sourcecode.c.h; path = MyTestObject.h; sourceTree = "<group>"; };
		CDFA4684230C077A00FA2C00 /* MyTestObject.m */ = {isa = PBXFileReference; lastKnownFileType = sourcecode.c.objc; path = MyTestObject.m; sourceTree = "<group>"; };
/* End PBXFileReference section */

/* Begin PBXFrameworksBuildPhase section */
		CDFA4666230C073900FA2C00 /* Frameworks */ = {
			isa = PBXFrameworksBuildPhase;
			buildActionMask = 2147483647;
			files = (
			);
			runOnlyForDeploymentPostprocessing = 0;
		};
/* End PBXFrameworksBuildPhase section */

/* Begin PBXGroup section */
		CDFA4660230C073900FA2C00 = {
			isa = PBXGroup;
			children = (
				CDFA466B230C073900FA2C00 /* ZPFFirstPod */,
				CDFA466A230C073900FA2C00 /* Products */,
			);
			sourceTree = "<group>";
		};
		CDFA466A230C073900FA2C00 /* Products */ = {
			isa = PBXGroup;
			children = (
				CDFA4669230C073900FA2C00 /* ZPFFirstPod.app */,
			);
			name = Products;
			sourceTree = "<group>";
		};
		CDFA466B230C073900FA2C00 /* ZPFFirstPod */ = {
			isa = PBXGroup;
			children = (
				CDFA4682230C076400FA2C00 /* Classes */,
				CDFA466C230C073900FA2C00 /* AppDelegate.h */,
				CDFA466D230C073900FA2C00 /* AppDelegate.m */,
				CDFA466F230C073900FA2C00 /* ViewController.h */,
				CDFA4670230C073900FA2C00 /* ViewController.m */,
				CDFA4672230C073900FA2C00 /* Main.storyboard */,
				CDFA4675230C073A00FA2C00 /* Assets.xcassets */,
				CDFA4677230C073A00FA2C00 /* LaunchScreen.storyboard */,
				CDFA467A230C073A00FA2C00 /* Info.plist */,
				CDFA467B230C073A00FA2C00 /* main.m */,
			);
			path = ZPFFirstPod;
			sourceTree = "<group>";
		};
		CDFA4682230C076400FA2C00 /* Classes */ = {
			isa = PBXGroup;
			children = (
				CDFA4683230C077A00FA2C00 /* MyTestObject.h */,
				CDFA4684230C077A00FA2C00 /* MyTestObject.m */,
			);
			path = Classes;
			sourceTree = "<group>";
		};
/* End PBXGroup section */

/* Begin PBXNativeTarget section */
		CDFA4668230C073900FA2C00 /* ZPFFirstPod */ = {
			isa = PBXNativeTarget;
			buildConfigurationList = CDFA467F230C073A00FA2C00 /* Build configuration list for PBXNativeTarget "ZPFFirstPod" */;
			buildPhases = (
				CDFA4665230C073900FA2C00 /* Sources */,
				CDFA4666230C073900FA2C00 /* Frameworks */,
				CDFA4667230C073900FA2C00 /* Resources */,
			);
			buildRules = (
			);
			dependencies = (
			);
			name = ZPFFirstPod;
			productName = ZPFFirstPod;
			productReference = CDFA4669230C073900FA2C00 /* ZPFFirstPod.app */;
			productType = "com.apple.product-type.application";
		};
/* End PBXNativeTarget section */

/* Begin PBXProject section */
		CDFA4661230C073900FA2C00 /* Project object */ = {
			isa = PBXProject;
			attributes = {
				LastUpgradeCheck = 1020;
				ORGANIZATIONNAME = fcar;
				TargetAttributes = {
					CDFA4668230C073900FA2C00 = {
						CreatedOnToolsVersion = 10.2.1;
					};
				};
			};
			buildConfigurationList = CDFA4664230C073900FA2C00 /* Build configuration list for PBXProject "ZPFFirstPod" */;
			compatibilityVersion = "Xcode 9.3";
			developmentRegion = en;
			hasScannedForEncodings = 0;
			knownRegions = (
				en,
				Base,
			);
			mainGroup = CDFA4660230C073900FA2C00;
			productRefGroup = CDFA466A230C073900FA2C00 /* Products */;
			projectDirPath = "";
			projectRoot = "";
			targets = (
				CDFA4668230C073900FA2C00 /* ZPFFirstPod */,
			);
		};
/* End PBXProject section */

/* Begin PBXResourcesBuildPhase section */
		CDFA4667230C073900FA2C00 /* Resources */ = {
			isa = PBXResourcesBuildPhase;
			buildActionMask = 2147483647;
			files = (
				CDFA4679230C073A00FA2C00 /* LaunchScreen.storyboard in Resources */,
				CDFA4676230C073A00FA2C00 /* Assets.xcassets in Resources */,
				CDFA4674230C073900FA2C00 /* Main.storyboard in Resources */,
			);
			runOnlyForDeploymentPostprocessing = 0;
		};
/* End PBXResourcesBuildPhase section */

/* Begin PBXSourcesBuildPhase section */
		CDFA4665230C073900FA2C00 /* Sources */ = {
			isa = PBXSourcesBuildPhase;
			buildActionMask = 2147483647;
			files = (
				CDFA4671230C073900FA2C00 /* ViewController.m in Sources */,
				CDFA467C230C073A00FA2C00 /* main.m in Sources */,
				CDFA4685230C077A00FA2C00 /* MyTestObject.m in Sources */,
				CDFA466E230C073900FA2C00 /* AppDelegate.m in Sources */,
			);
			runOnlyForDeploymentPostprocessing = 0;
		};
/* End PBXSourcesBuildPhase section */

/* Begin PBXVariantGroup section */
		CDFA4672230C073900FA2C00 /* Main.storyboard */ = {
			isa = PBXVariantGroup;
			children = (
				CDFA4673230C073900FA2C00 /* Base */,
			);
			name = Main.storyboard;
			sourceTree = "<group>";
		};
		CDFA4677230C073A00FA2C00 /* LaunchScreen.storyboard */ = {
			isa = PBXVariantGroup;
			children = (
				CDFA4678230C073A00FA2C00 /* Base */,
			);
			name = LaunchScreen.storyboard;
			sourceTree = "<group>";
		};
/* End PBXVariantGroup section */

/* Begin XCBuildConfiguration section */
		CDFA467D230C073A00FA2C00 /* Debug */ = {
			isa = XCBuildConfiguration;
			buildSettings = {
				ALWAYS_SEARCH_USER_PATHS = NO;
				CLANG_ANALYZER_NONNULL = YES;
				CLANG_ANALYZER_NUMBER_OBJECT_CONVERSION = YES_AGGRESSIVE;
				CLANG_CXX_LANGUAGE_STANDARD = "gnu++14";
				CLANG_CXX_LIBRARY = "libc++";
				CLANG_ENABLE_MODULES = YES;
				CLANG_ENABLE_OBJC_ARC = YES;
				CLANG_ENABLE_OBJC_WEAK = YES;
				CLANG_WARN_BLOCK_CAPTURE_AUTORELEASING = YES;
				CLANG_WARN_BOOL_CONVERSION = YES;
				CLANG_WARN_COMMA = YES;
				CLANG_WARN_CONSTANT_CONVERSION = YES;
				CLANG_WARN_DEPRECATED_OBJC_IMPLEMENTATIONS = YES;
				CLANG_WARN_DIRECT_OBJC_ISA_USAGE = YES_ERROR;
				CLANG_WARN_DOCUMENTATION_COMMENTS = YES;
				CLANG_WARN_EMPTY_BODY = YES;
				CLANG_WARN_ENUM_CONVERSION = YES;
				CLANG_WARN_INFINITE_RECURSION = YES;
				CLANG_WARN_INT_CONVERSION = YES;
				CLANG_WARN_NON_LITERAL_NULL_CONVERSION = YES;
				CLANG_WARN_OBJC_IMPLICIT_RETAIN_SELF = YES;
				CLANG_WARN_OBJC_LITERAL_CONVERSION = YES;
				CLANG_WARN_OBJC_ROOT_CLASS = YES_ERROR;
				CLANG_WARN_RANGE_LOOP_ANALYSIS = YES;
				CLANG_WARN_STRICT_PROTOTYPES = YES;
				CLANG_WARN_SUSPICIOUS_MOVE = YES;
				CLANG_WARN_UNGUARDED_AVAILABILITY = YES_AGGRESSIVE;
				CLANG_WARN_UNREACHABLE_CODE = YES;
				CLANG_WARN__DUPLICATE_METHOD_MATCH = YES;
				CODE_SIGN_IDENTITY = "iPhone Developer";
				COPY_PHASE_STRIP = NO;
				DEBUG_INFORMATION_FORMAT = dwarf;
				ENABLE_STRICT_OBJC_MSGSEND = YES;
				ENABLE_TESTABILITY = YES;
				GCC_C_LANGUAGE_STANDARD = gnu11;
				GCC_DYNAMIC_NO_PIC = NO;
				GCC_NO_COMMON_BLOCKS = YES;
				GCC_OPTIMIZATION_LEVEL = 0;
				GCC_PREPROCESSOR_DEFINITIONS = (
					"DEBUG=1",
					"$(inherited)",
				);
				GCC_WARN_64_TO_32_BIT_CONVERSION = YES;
				GCC_WARN_ABOUT_RETURN_TYPE = YES_ERROR;
				GCC_WARN_UNDECLARED_SELECTOR = YES;
				GCC_WARN_UNINITIALIZED_AUTOS = YES_AGGRESSIVE;
				GCC_WARN_UNUSED_FUNCTION = YES;
				GCC_WARN_UNUSED_VARIABLE = YES;
				IPHONEOS_DEPLOYMENT_TARGET = 12.2;
				MTL_ENABLE_DEBUG_INFO = INCLUDE_SOURCE;
				MTL_FAST_MATH = YES;
				ONLY_ACTIVE_ARCH = YES;
				SDKROOT = iphoneos;
			};
			name = Debug;
		};
		CDFA467E230C073A00FA2C00 /* Release */ = {
			isa = XCBuildConfiguration;
			buildSettings = {
				ALWAYS_SEARCH_USER_PATHS = NO;
				CLANG_ANALYZER_NONNULL = YES;
				CLANG_ANALYZER_NUMBER_OBJECT_CONVERSION = YES_AGGRESSIVE;
				CLANG_CXX_LANGUAGE_STANDARD = "gnu++14";
				CLANG_CXX_LIBRARY = "libc++";
				CLANG_ENABLE_MODULES = YES;
				CLANG_ENABLE_OBJC_ARC = YES;
				CLANG_ENABLE_OBJC_WEAK = YES;
				CLANG_WARN_BLOCK_CAPTURE_AUTORELEASING = YES;
				CLANG_WARN_BOOL_CONVERSION = YES;
				CLANG_WARN_COMMA = YES;
				CLANG_WARN_CONSTANT_CONVERSION = YES;
				CLANG_WARN_DEPRECATED_OBJC_IMPLEMENTATIONS = YES;
				CLANG_WARN_DIRECT_OBJC_ISA_USAGE = YES_ERROR;
				CLANG_WARN_DOCUMENTATION_COMMENTS = YES;
				CLANG_WARN_EMPTY_BODY = YES;
				CLANG_WARN_ENUM_CONVERSION = YES;
				CLANG_WARN_INFINITE_RECURSION = YES;
				CLANG_WARN_INT_CONVERSION = YES;
				CLANG_WARN_NON_LITERAL_NULL_CONVERSION = YES;
				CLANG_WARN_OBJC_IMPLICIT_RETAIN_SELF = YES;
				CLANG_WARN_OBJC_LITERAL_CONVERSION = YES;
				CLANG_WARN_OBJC_ROOT_CLASS = YES_ERROR;
				CLANG_WARN_RANGE_LOOP_ANALYSIS = YES;
				CLANG_WARN_STRICT_PROTOTYPES = YES;
				CLANG_WARN_SUSPICIOUS_MOVE = YES;
				CLANG_WARN_UNGUARDED_AVAILABILITY = YES_AGGRESSIVE;
				CLANG_WARN_UNREACHABLE_CODE = YES;
				CLANG_WARN__DUPLICATE_METHOD_MATCH = YES;
				CODE_SIGN_IDENTITY = "iPhone Developer";
				COPY_PHASE_STRIP = NO;
				DEBUG_INFORMATION_FORMAT = "dwarf-with-dsym";
				ENABLE_NS_ASSERTIONS = NO;
				ENABLE_STRICT_OBJC_MSGSEND = YES;
				GCC_C_LANGUAGE_STANDARD = gnu11;
				GCC_NO_COMMON_BLOCKS = YES;
				GCC_WARN_64_TO_32_BIT_CONVERSION = YES;
				GCC_WARN_ABOUT_RETURN_TYPE = YES_ERROR;
				GCC_WARN_UNDECLARED_SELECTOR = YES;
				GCC_WARN_UNINITIALIZED_AUTOS = YES_AGGRESSIVE;
				GCC_WARN_UNUSED_FUNCTION = YES;
				GCC_WARN_UNUSED_VARIABLE = YES;
				IPHONEOS_DEPLOYMENT_TARGET = 12.2;
				MTL_ENABLE_DEBUG_INFO = NO;
				MTL_FAST_MATH = YES;
				SDKROOT = iphoneos;
				VALIDATE_PRODUCT = YES;
			};
			name = Release;
		};
		CDFA4680230C073A00FA2C00 /* Debug */ = {
			isa = XCBuildConfiguration;
			buildSettings = {
				ASSETCATALOG_COMPILER_APPICON_NAME = AppIcon;
				CODE_SIGN_STYLE = Automatic;
				INFOPLIST_FILE = ZPFFirstPod/Info.plist;
				LD_RUNPATH_SEARCH_PATHS = (
					"$(inherited)",
					"@executable_path/Frameworks",
				);
				PRODUCT_BUNDLE_IDENTIFIER = com.fcar.ZPFFirstPod;
				PRODUCT_NAME = "$(TARGET_NAME)";
				TARGETED_DEVICE_FAMILY = "1,2";
			};
			name = Debug;
		};
		CDFA4681230C073A00FA2C00 /* Release */ = {
			isa = XCBuildConfiguration;
			buildSettings = {
				ASSETCATALOG_COMPILER_APPICON_NAME = AppIcon;
				CODE_SIGN_STYLE = Automatic;
				INFOPLIST_FILE = ZPFFirstPod/Info.plist;
				LD_RUNPATH_SEARCH_PATHS = (
					"$(inherited)",
					"@executable_path/Frameworks",
				);
				PRODUCT_BUNDLE_IDENTIFIER = com.fcar.ZPFFirstPod;
				PRODUCT_NAME = "$(TARGET_NAME)";
				TARGETED_DEVICE_FAMILY = "1,2";
			};
			name = Release;
		};
/* End XCBuildConfiguration section */

/* Begin XCConfigurationList section */
		CDFA4664230C073900FA2C00 /* Build configuration list for PBXProject "ZPFFirstPod" */ = {
			isa = XCConfigurationList;
			buildConfigurations = (
				CDFA467D230C073A00FA2C00 /* Debug */,
				CDFA467E230C073A00FA2C00 /* Release */,
			);
			defaultConfigurationIsVisible = 0;
			defaultConfigurationName = Release;
		};
		CDFA467F230C073A00FA2C00 /* Build configuration list for PBXNativeTarget "ZPFFirstPod" */ = {
			isa = XCConfigurationList;
			buildConfigurations = (
				CDFA4680230C073A00FA2C00 /* Debug */,
				CDFA4681230C073A00FA2C00 /* Release */,
			);
			defaultConfigurationIsVisible = 0;
			defaultConfigurationName = Release;
		};
/* End XCConfigurationList section */
	};
	rootObject = CDFA4661230C073900FA2C00 /* Project object */;
}
